
Microsoft Visual Studio Solution File, Format Version 12.00
# Visual Studio Version 16
VisualStudioVersion = 16.0.28803.352
MinimumVisualStudioVersion = 15.0.26124.0
Project("{9A19103F-16F7-4668-BE54-9A1E7A4F7556}") = "Commander.Abstractions", "Commander.Abstractions\Commander.Abstractions.csproj", "{4BB7332D-28AF-4451-B904-71249FD318E5}"
EndProject
Project("{9A19103F-16F7-4668-BE54-9A1E7A4F7556}") = "Commander.Core", "Commander.Core\Commander.Core.csproj", "{38E36976-1A78-4CE8-B0EB-D08A89425E77}"
EndProject
Project("{9A19103F-16F7-4668-BE54-9A1E7A4F7556}") = "Commander.MessageBus.ServiceBus", "Commander.MessageBus\Commander.MessageBus.ServiceBus.csproj", "{054B823B-C6A1-486E-9A92-FEA5C1696EED}"
EndProject
Project("{9A19103F-16F7-4668-BE54-9A1E7A4F7556}") = "Commander.MessageBus.Abstractions", "Commander.MessageBus.Abstractions\Commander.MessageBus.Abstractions.csproj", "{DEC0B6FC-14DE-4BB7-AAC1-63D531FCFA0D}"
EndProject
Project("{2150E333-8FDC-42A3-9474-1A3956D46DE8}") = "Commander", "Commander", "{FEF0C59F-D122-4728-8BB4-304BF08F9B69}"
EndProject
Project("{2150E333-8FDC-42A3-9474-1A3956D46DE8}") = "1 - Domain", "1 - Domain", "{841CC6DD-8072-48A4-8186-C9F7102AA28B}"
EndProject
Project("{2150E333-8FDC-42A3-9474-1A3956D46DE8}") = "2 - Application", "2 - Application", "{A0EC2ECB-73FB-4878-B589-6FD46CE6737E}"
EndProject
Project("{2150E333-8FDC-42A3-9474-1A3956D46DE8}") = "3 - Infra", "3 - Infra", "{FEE862C3-1FA9-44B2-8B71-A22FD74D56DF}"
EndProject
Project("{9A19103F-16F7-4668-BE54-9A1E7A4F7556}") = "Mediatr.Samples.Domain", "Mediatr.Samples.Domain\Mediatr.Samples.Domain.csproj", "{CCFE3533-7231-4B40-B7F0-B84CD554C8B1}"
EndProject
Project("{9A19103F-16F7-4668-BE54-9A1E7A4F7556}") = "Mediatr.Samples.Application", "Mediatr.Samples.Application\Mediatr.Samples.Application.csproj", "{6E2BDDC1-4CC3-499A-B572-2A5CB45A115E}"
EndProject
Project("{9A19103F-16F7-4668-BE54-9A1E7A4F7556}") = "Mediatr.Samples.Infra.Data", "Mediatr.Samples.Infra.Data\Mediatr.Samples.Infra.Data.csproj", "{CC351A0B-252A-4D87-9BFF-9DA08E14D836}"
EndProject
Project("{2150E333-8FDC-42A3-9474-1A3956D46DE8}") = "0 - WebApi", "0 - WebApi", "{B3C10DB6-8FA4-49AD-B283-3E4E5CAF7B6B}"
EndProject
Project("{FAE04EC0-301F-11D3-BF4B-00C04F79EFBC}") = "Mediatr.Samples.WebApi", "Mediatr.Samples.WebApi\Mediatr.Samples.WebApi.csproj", "{A83BC957-6043-4ECC-8BB8-2A9713071840}"
EndProject
Global
	GlobalSection(SolutionConfigurationPlatforms) = preSolution
		Debug|Any CPU = Debug|Any CPU
		Debug|x64 = Debug|x64
		Debug|x86 = Debug|x86
		Release|Any CPU = Release|Any CPU
		Release|x64 = Release|x64
		Release|x86 = Release|x86
	EndGlobalSection
	GlobalSection(ProjectConfigurationPlatforms) = postSolution
		{4BB7332D-28AF-4451-B904-71249FD318E5}.Debug|Any CPU.ActiveCfg = Debug|Any CPU
		{4BB7332D-28AF-4451-B904-71249FD318E5}.Debug|Any CPU.Build.0 = Debug|Any CPU
		{4BB7332D-28AF-4451-B904-71249FD318E5}.Debug|x64.ActiveCfg = Debug|Any CPU
		{4BB7332D-28AF-4451-B904-71249FD318E5}.Debug|x64.Build.0 = Debug|Any CPU
		{4BB7332D-28AF-4451-B904-71249FD318E5}.Debug|x86.ActiveCfg = Debug|Any CPU
		{4BB7332D-28AF-4451-B904-71249FD318E5}.Debug|x86.Build.0 = Debug|Any CPU
		{4BB7332D-28AF-4451-B904-71249FD318E5}.Release|Any CPU.ActiveCfg = Release|Any CPU
		{4BB7332D-28AF-4451-B904-71249FD318E5}.Release|Any CPU.Build.0 = Release|Any CPU
		{4BB7332D-28AF-4451-B904-71249FD318E5}.Release|x64.ActiveCfg = Release|Any CPU
		{4BB7332D-28AF-4451-B904-71249FD318E5}.Release|x64.Build.0 = Release|Any CPU
		{4BB7332D-28AF-4451-B904-71249FD318E5}.Release|x86.ActiveCfg = Release|Any CPU
		{4BB7332D-28AF-4451-B904-71249FD318E5}.Release|x86.Build.0 = Release|Any CPU
		{38E36976-1A78-4CE8-B0EB-D08A89425E77}.Debug|Any CPU.ActiveCfg = Debug|Any CPU
		{38E36976-1A78-4CE8-B0EB-D08A89425E77}.Debug|Any CPU.Build.0 = Debug|Any CPU
		{38E36976-1A78-4CE8-B0EB-D08A89425E77}.Debug|x64.ActiveCfg = Debug|Any CPU
		{38E36976-1A78-4CE8-B0EB-D08A89425E77}.Debug|x64.Build.0 = Debug|Any CPU
		{38E36976-1A78-4CE8-B0EB-D08A89425E77}.Debug|x86.ActiveCfg = Debug|Any CPU
		{38E36976-1A78-4CE8-B0EB-D08A89425E77}.Debug|x86.Build.0 = Debug|Any CPU
		{38E36976-1A78-4CE8-B0EB-D08A89425E77}.Release|Any CPU.ActiveCfg = Release|Any CPU
		{38E36976-1A78-4CE8-B0EB-D08A89425E77}.Release|Any CPU.Build.0 = Release|Any CPU
		{38E36976-1A78-4CE8-B0EB-D08A89425E77}.Release|x64.ActiveCfg = Release|Any CPU
		{38E36976-1A78-4CE8-B0EB-D08A89425E77}.Release|x64.Build.0 = Release|Any CPU
		{38E36976-1A78-4CE8-B0EB-D08A89425E77}.Release|x86.ActiveCfg = Release|Any CPU
		{38E36976-1A78-4CE8-B0EB-D08A89425E77}.Release|x86.Build.0 = Release|Any CPU
		{054B823B-C6A1-486E-9A92-FEA5C1696EED}.Debug|Any CPU.ActiveCfg = Debug|Any CPU
		{054B823B-C6A1-486E-9A92-FEA5C1696EED}.Debug|Any CPU.Build.0 = Debug|Any CPU
		{054B823B-C6A1-486E-9A92-FEA5C1696EED}.Debug|x64.ActiveCfg = Debug|Any CPU
		{054B823B-C6A1-486E-9A92-FEA5C1696EED}.Debug|x64.Build.0 = Debug|Any CPU
		{054B823B-C6A1-486E-9A92-FEA5C1696EED}.Debug|x86.ActiveCfg = Debug|Any CPU
		{054B823B-C6A1-486E-9A92-FEA5C1696EED}.Debug|x86.Build.0 = Debug|Any CPU
		{054B823B-C6A1-486E-9A92-FEA5C1696EED}.Release|Any CPU.ActiveCfg = Release|Any CPU
		{054B823B-C6A1-486E-9A92-FEA5C1696EED}.Release|Any CPU.Build.0 = Release|Any CPU
		{054B823B-C6A1-486E-9A92-FEA5C1696EED}.Release|x64.ActiveCfg = Release|Any CPU
		{054B823B-C6A1-486E-9A92-FEA5C1696EED}.Release|x64.Build.0 = Release|Any CPU
		{054B823B-C6A1-486E-9A92-FEA5C1696EED}.Release|x86.ActiveCfg = Release|Any CPU
		{054B823B-C6A1-486E-9A92-FEA5C1696EED}.Release|x86.Build.0 = Release|Any CPU
		{DEC0B6FC-14DE-4BB7-AAC1-63D531FCFA0D}.Debug|Any CPU.ActiveCfg = Debug|Any CPU
		{DEC0B6FC-14DE-4BB7-AAC1-63D531FCFA0D}.Debug|Any CPU.Build.0 = Debug|Any CPU
		{DEC0B6FC-14DE-4BB7-AAC1-63D531FCFA0D}.Debug|x64.ActiveCfg = Debug|Any CPU
		{DEC0B6FC-14DE-4BB7-AAC1-63D531FCFA0D}.Debug|x64.Build.0 = Debug|Any CPU
		{DEC0B6FC-14DE-4BB7-AAC1-63D531FCFA0D}.Debug|x86.ActiveCfg = Debug|Any CPU
		{DEC0B6FC-14DE-4BB7-AAC1-63D531FCFA0D}.Debug|x86.Build.0 = Debug|Any CPU
		{DEC0B6FC-14DE-4BB7-AAC1-63D531FCFA0D}.Release|Any CPU.ActiveCfg = Release|Any CPU
		{DEC0B6FC-14DE-4BB7-AAC1-63D531FCFA0D}.Release|Any CPU.Build.0 = Release|Any CPU
		{DEC0B6FC-14DE-4BB7-AAC1-63D531FCFA0D}.Release|x64.ActiveCfg = Release|Any CPU
		{DEC0B6FC-14DE-4BB7-AAC1-63D531FCFA0D}.Release|x64.Build.0 = Release|Any CPU
		{DEC0B6FC-14DE-4BB7-AAC1-63D531FCFA0D}.Release|x86.ActiveCfg = Release|Any CPU
		{DEC0B6FC-14DE-4BB7-AAC1-63D531FCFA0D}.Release|x86.Build.0 = Release|Any CPU
		{CCFE3533-7231-4B40-B7F0-B84CD554C8B1}.Debug|Any CPU.ActiveCfg = Debug|Any CPU
		{CCFE3533-7231-4B40-B7F0-B84CD554C8B1}.Debug|Any CPU.Build.0 = Debug|Any CPU
		{CCFE3533-7231-4B40-B7F0-B84CD554C8B1}.Debug|x64.ActiveCfg = Debug|Any CPU
		{CCFE3533-7231-4B40-B7F0-B84CD554C8B1}.Debug|x64.Build.0 = Debug|Any CPU
		{CCFE3533-7231-4B40-B7F0-B84CD554C8B1}.Debug|x86.ActiveCfg = Debug|Any CPU
		{CCFE3533-7231-4B40-B7F0-B84CD554C8B1}.Debug|x86.Build.0 = Debug|Any CPU
		{CCFE3533-7231-4B40-B7F0-B84CD554C8B1}.Release|Any CPU.ActiveCfg = Release|Any CPU
		{CCFE3533-7231-4B40-B7F0-B84CD554C8B1}.Release|Any CPU.Build.0 = Release|Any CPU
		{CCFE3533-7231-4B40-B7F0-B84CD554C8B1}.Release|x64.ActiveCfg = Release|Any CPU
		{CCFE3533-7231-4B40-B7F0-B84CD554C8B1}.Release|x64.Build.0 = Release|Any CPU
		{CCFE3533-7231-4B40-B7F0-B84CD554C8B1}.Release|x86.ActiveCfg = Release|Any CPU
		{CCFE3533-7231-4B40-B7F0-B84CD554C8B1}.Release|x86.Build.0 = Release|Any CPU
		{6E2BDDC1-4CC3-499A-B572-2A5CB45A115E}.Debug|Any CPU.ActiveCfg = Debug|Any CPU
		{6E2BDDC1-4CC3-499A-B572-2A5CB45A115E}.Debug|Any CPU.Build.0 = Debug|Any CPU
		{6E2BDDC1-4CC3-499A-B572-2A5CB45A115E}.Debug|x64.ActiveCfg = Debug|Any CPU
		{6E2BDDC1-4CC3-499A-B572-2A5CB45A115E}.Debug|x64.Build.0 = Debug|Any CPU
		{6E2BDDC1-4CC3-499A-B572-2A5CB45A115E}.Debug|x86.ActiveCfg = Debug|Any CPU
		{6E2BDDC1-4CC3-499A-B572-2A5CB45A115E}.Debug|x86.Build.0 = Debug|Any CPU
		{6E2BDDC1-4CC3-499A-B572-2A5CB45A115E}.Release|Any CPU.ActiveCfg = Release|Any CPU
		{6E2BDDC1-4CC3-499A-B572-2A5CB45A115E}.Release|Any CPU.Build.0 = Release|Any CPU
		{6E2BDDC1-4CC3-499A-B572-2A5CB45A115E}.Release|x64.ActiveCfg = Release|Any CPU
		{6E2BDDC1-4CC3-499A-B572-2A5CB45A115E}.Release|x64.Build.0 = Release|Any CPU
		{6E2BDDC1-4CC3-499A-B572-2A5CB45A115E}.Release|x86.ActiveCfg = Release|Any CPU
		{6E2BDDC1-4CC3-499A-B572-2A5CB45A115E}.Release|x86.Build.0 = Release|Any CPU
		{CC351A0B-252A-4D87-9BFF-9DA08E14D836}.Debug|Any CPU.ActiveCfg = Debug|Any CPU
		{CC351A0B-252A-4D87-9BFF-9DA08E14D836}.Debug|Any CPU.Build.0 = Debug|Any CPU
		{CC351A0B-252A-4D87-9BFF-9DA08E14D836}.Debug|x64.ActiveCfg = Debug|Any CPU
		{CC351A0B-252A-4D87-9BFF-9DA08E14D836}.Debug|x64.Build.0 = Debug|Any CPU
		{CC351A0B-252A-4D87-9BFF-9DA08E14D836}.Debug|x86.ActiveCfg = Debug|Any CPU
		{CC351A0B-252A-4D87-9BFF-9DA08E14D836}.Debug|x86.Build.0 = Debug|Any CPU
		{CC351A0B-252A-4D87-9BFF-9DA08E14D836}.Release|Any CPU.ActiveCfg = Release|Any CPU
		{CC351A0B-252A-4D87-9BFF-9DA08E14D836}.Release|Any CPU.Build.0 = Release|Any CPU
		{CC351A0B-252A-4D87-9BFF-9DA08E14D836}.Release|x64.ActiveCfg = Release|Any CPU
		{CC351A0B-252A-4D87-9BFF-9DA08E14D836}.Release|x64.Build.0 = Release|Any CPU
		{CC351A0B-252A-4D87-9BFF-9DA08E14D836}.Release|x86.ActiveCfg = Release|Any CPU
		{CC351A0B-252A-4D87-9BFF-9DA08E14D836}.Release|x86.Build.0 = Release|Any CPU
		{A83BC957-6043-4ECC-8BB8-2A9713071840}.Debug|Any CPU.ActiveCfg = Debug|Any CPU
		{A83BC957-6043-4ECC-8BB8-2A9713071840}.Debug|Any CPU.Build.0 = Debug|Any CPU
		{A83BC957-6043-4ECC-8BB8-2A9713071840}.Debug|x64.ActiveCfg = Debug|Any CPU
		{A83BC957-6043-4ECC-8BB8-2A9713071840}.Debug|x64.Build.0 = Debug|Any CPU
		{A83BC957-6043-4ECC-8BB8-2A9713071840}.Debug|x86.ActiveCfg = Debug|Any CPU
		{A83BC957-6043-4ECC-8BB8-2A9713071840}.Debug|x86.Build.0 = Debug|Any CPU
		{A83BC957-6043-4ECC-8BB8-2A9713071840}.Release|Any CPU.ActiveCfg = Release|Any CPU
		{A83BC957-6043-4ECC-8BB8-2A9713071840}.Release|Any CPU.Build.0 = Release|Any CPU
		{A83BC957-6043-4ECC-8BB8-2A9713071840}.Release|x64.ActiveCfg = Release|Any CPU
		{A83BC957-6043-4ECC-8BB8-2A9713071840}.Release|x64.Build.0 = Release|Any CPU
		{A83BC957-6043-4ECC-8BB8-2A9713071840}.Release|x86.ActiveCfg = Release|Any CPU
		{A83BC957-6043-4ECC-8BB8-2A9713071840}.Release|x86.Build.0 = Release|Any CPU
	EndGlobalSection
	GlobalSection(SolutionProperties) = preSolution
		HideSolutionNode = FALSE
	EndGlobalSection
	GlobalSection(NestedProjects) = preSolution
		{4BB7332D-28AF-4451-B904-71249FD318E5} = {FEF0C59F-D122-4728-8BB4-304BF08F9B69}
		{38E36976-1A78-4CE8-B0EB-D08A89425E77} = {FEF0C59F-D122-4728-8BB4-304BF08F9B69}
		{054B823B-C6A1-486E-9A92-FEA5C1696EED} = {FEF0C59F-D122-4728-8BB4-304BF08F9B69}
		{DEC0B6FC-14DE-4BB7-AAC1-63D531FCFA0D} = {FEF0C59F-D122-4728-8BB4-304BF08F9B69}
		{CCFE3533-7231-4B40-B7F0-B84CD554C8B1} = {841CC6DD-8072-48A4-8186-C9F7102AA28B}
		{6E2BDDC1-4CC3-499A-B572-2A5CB45A115E} = {A0EC2ECB-73FB-4878-B589-6FD46CE6737E}
		{CC351A0B-252A-4D87-9BFF-9DA08E14D836} = {FEE862C3-1FA9-44B2-8B71-A22FD74D56DF}
		{A83BC957-6043-4ECC-8BB8-2A9713071840} = {B3C10DB6-8FA4-49AD-B283-3E4E5CAF7B6B}
	EndGlobalSection
	GlobalSection(ExtensibilityGlobals) = postSolution
		SolutionGuid = {CCFABFC9-41DA-4044-A492-72AB0EC607D8}
	EndGlobalSection
EndGlobal
